// !$*UTF8*$!
{
	archiveVersion = 1;
	classes = {
	};
	objectVersion = 55;
	objects = {

/* Begin PBXBuildFile section */
		168B18FADA673C75410CE685 /* Pods_ExerciseLog.framework in Frameworks */ = {isa = PBXBuildFile; fileRef = 5FF9D0B951A9B39B09CA0AC0 /* Pods_ExerciseLog.framework */; };
		CD2B719728280C82005FA47B /* AppDelegate.swift in Sources */ = {isa = PBXBuildFile; fileRef = CD2B719628280C82005FA47B /* AppDelegate.swift */; };
		CD2B719928280C82005FA47B /* SceneDelegate.swift in Sources */ = {isa = PBXBuildFile; fileRef = CD2B719828280C82005FA47B /* SceneDelegate.swift */; };
		CD2B719B28280C82005FA47B /* ViewController.swift in Sources */ = {isa = PBXBuildFile; fileRef = CD2B719A28280C82005FA47B /* ViewController.swift */; };
		CD2B719E28280C82005FA47B /* Main.storyboard in Resources */ = {isa = PBXBuildFile; fileRef = CD2B719C28280C82005FA47B /* Main.storyboard */; };
		CD2B71A028280C85005FA47B /* Assets.xcassets in Resources */ = {isa = PBXBuildFile; fileRef = CD2B719F28280C85005FA47B /* Assets.xcassets */; };
		CD2B71A328280C85005FA47B /* LaunchScreen.storyboard in Resources */ = {isa = PBXBuildFile; fileRef = CD2B71A128280C85005FA47B /* LaunchScreen.storyboard */; };
		CD2B71B62829FC15005FA47B /* TabViewController.swift in Sources */ = {isa = PBXBuildFile; fileRef = CD2B71B52829FC15005FA47B /* TabViewController.swift */; };
		CD2B71BA2829FD89005FA47B /* CalendarViewController.swift in Sources */ = {isa = PBXBuildFile; fileRef = CD2B71B92829FD89005FA47B /* CalendarViewController.swift */; };
		CD2B71BC282A0E28005FA47B /* WorkoutTableViewController.swift in Sources */ = {isa = PBXBuildFile; fileRef = CD2B71BB282A0E28005FA47B /* WorkoutTableViewController.swift */; };
		CD2B71C0282A5081005FA47B /* Workout.swift in Sources */ = {isa = PBXBuildFile; fileRef = CD2B71BF282A5081005FA47B /* Workout.swift */; };
		CD2B71C2282B6086005FA47B /* VideoTableViewController.swift in Sources */ = {isa = PBXBuildFile; fileRef = CD2B71C1282B6086005FA47B /* VideoTableViewController.swift */; };
		CD2B71C4282B7CB6005FA47B /* VideoManager.swift in Sources */ = {isa = PBXBuildFile; fileRef = CD2B71C3282B7CB6005FA47B /* VideoManager.swift */; };
		CD2B71C6282B8270005FA47B /* VideoModel.swift in Sources */ = {isa = PBXBuildFile; fileRef = CD2B71C5282B8270005FA47B /* VideoModel.swift */; };
		CD2B71C8282B83C8005FA47B /* VideoData.swift in Sources */ = {isa = PBXBuildFile; fileRef = CD2B71C7282B83C8005FA47B /* VideoData.swift */; };
		CD2B71CA282B88C8005FA47B /* VideoViewController.swift in Sources */ = {isa = PBXBuildFile; fileRef = CD2B71C9282B88C8005FA47B /* VideoViewController.swift */; };
		CD2B71CC282CEE9E005FA47B /* Response.swift in Sources */ = {isa = PBXBuildFile; fileRef = CD2B71CB282CEE9E005FA47B /* Response.swift */; };
		CD2B71CE282D5378005FA47B /* VideoTableViewCell.swift in Sources */ = {isa = PBXBuildFile; fileRef = CD2B71CD282D5378005FA47B /* VideoTableViewCell.swift */; };
		CD2B71D0282E012B005FA47B /* Constants.swift in Sources */ = {isa = PBXBuildFile; fileRef = CD2B71CF282E012B005FA47B /* Constants.swift */; };
		CD2B71D4282E4D0C005FA47B /* WorkoutMenu.swift in Sources */ = {isa = PBXBuildFile; fileRef = CD2B71D3282E4D0C005FA47B /* WorkoutMenu.swift */; };
		CD2B71D6282F522D005FA47B /* SwipeTableViewController.swift in Sources */ = {isa = PBXBuildFile; fileRef = CD2B71D5282F522D005FA47B /* SwipeTableViewController.swift */; };
		CD2B71D8282F5712005FA47B /* LaunchScreen.storyboard in Resources */ = {isa = PBXBuildFile; fileRef = CD2B71D7282F5712005FA47B /* LaunchScreen.storyboard */; };
		CDA09C3A2831282E0096A8DC /* NewViewController.swift in Sources */ = {isa = PBXBuildFile; fileRef = CDA09C392831282E0096A8DC /* NewViewController.swift */; };
		CDA09C3C28313C9E0096A8DC /* FloatingButton.swift in Sources */ = {isa = PBXBuildFile; fileRef = CDA09C3B28313C9E0096A8DC /* FloatingButton.swift */; };
		CDA09C3E2831576C0096A8DC /* EditViewModel.swift in Sources */ = {isa = PBXBuildFile; fileRef = CDA09C3D2831576C0096A8DC /* EditViewModel.swift */; };
		CDE2C0FB2833CE3C00CAA1A5 /* Realm in Frameworks */ = {isa = PBXBuildFile; productRef = CDE2C0FA2833CE3C00CAA1A5 /* Realm */; };
		CDE2C0FD2833CE3C00CAA1A5 /* RealmSwift in Frameworks */ = {isa = PBXBuildFile; productRef = CDE2C0FC2833CE3C00CAA1A5 /* RealmSwift */; };
/* End PBXBuildFile section */

/* Begin PBXFileReference section */
		5FF9D0B951A9B39B09CA0AC0 /* Pods_ExerciseLog.framework */ = {isa = PBXFileReference; explicitFileType = wrapper.framework; includeInIndex = 0; path = Pods_ExerciseLog.framework; sourceTree = BUILT_PRODUCTS_DIR; };
		A372A40F1F91BBCCB8269424 /* Pods-ExerciseLog.release.xcconfig */ = {isa = PBXFileReference; includeInIndex = 1; lastKnownFileType = text.xcconfig; name = "Pods-ExerciseLog.release.xcconfig"; path = "Target Support Files/Pods-ExerciseLog/Pods-ExerciseLog.release.xcconfig"; sourceTree = "<group>"; };
		CD2B719328280C82005FA47B /* ExerciseLog.app */ = {isa = PBXFileReference; explicitFileType = wrapper.application; includeInIndex = 0; path = ExerciseLog.app; sourceTree = BUILT_PRODUCTS_DIR; };
		CD2B719628280C82005FA47B /* AppDelegate.swift */ = {isa = PBXFileReference; lastKnownFileType = sourcecode.swift; path = AppDelegate.swift; sourceTree = "<group>"; };
		CD2B719828280C82005FA47B /* SceneDelegate.swift */ = {isa = PBXFileReference; lastKnownFileType = sourcecode.swift; path = SceneDelegate.swift; sourceTree = "<group>"; };
		CD2B719A28280C82005FA47B /* ViewController.swift */ = {isa = PBXFileReference; lastKnownFileType = sourcecode.swift; path = ViewController.swift; sourceTree = "<group>"; };
		CD2B719D28280C82005FA47B /* Base */ = {isa = PBXFileReference; lastKnownFileType = file.storyboard; name = Base; path = Base.lproj/Main.storyboard; sourceTree = "<group>"; };
		CD2B719F28280C85005FA47B /* Assets.xcassets */ = {isa = PBXFileReference; lastKnownFileType = folder.assetcatalog; path = Assets.xcassets; sourceTree = "<group>"; };
		CD2B71A228280C85005FA47B /* Base */ = {isa = PBXFileReference; lastKnownFileType = file.storyboard; name = Base; path = Base.lproj/LaunchScreen.storyboard; sourceTree = "<group>"; };
		CD2B71A428280C85005FA47B /* Info.plist */ = {isa = PBXFileReference; lastKnownFileType = text.plist.xml; path = Info.plist; sourceTree = "<group>"; };
		CD2B71B52829FC15005FA47B /* TabViewController.swift */ = {isa = PBXFileReference; lastKnownFileType = sourcecode.swift; path = TabViewController.swift; sourceTree = "<group>"; };
		CD2B71B92829FD89005FA47B /* CalendarViewController.swift */ = {isa = PBXFileReference; lastKnownFileType = sourcecode.swift; path = CalendarViewController.swift; sourceTree = "<group>"; };
		CD2B71BB282A0E28005FA47B /* WorkoutTableViewController.swift */ = {isa = PBXFileReference; lastKnownFileType = sourcecode.swift; name = WorkoutTableViewController.swift; path = ExerciseLog/Views/WorkoutTableViewController.swift; sourceTree = SOURCE_ROOT; };
		CD2B71BF282A5081005FA47B /* Workout.swift */ = {isa = PBXFileReference; lastKnownFileType = sourcecode.swift; path = Workout.swift; sourceTree = "<group>"; };
		CD2B71C1282B6086005FA47B /* VideoTableViewController.swift */ = {isa = PBXFileReference; lastKnownFileType = sourcecode.swift; path = VideoTableViewController.swift; sourceTree = "<group>"; };
		CD2B71C3282B7CB6005FA47B /* VideoManager.swift */ = {isa = PBXFileReference; lastKnownFileType = sourcecode.swift; path = VideoManager.swift; sourceTree = "<group>"; };
		CD2B71C5282B8270005FA47B /* VideoModel.swift */ = {isa = PBXFileReference; lastKnownFileType = sourcecode.swift; path = VideoModel.swift; sourceTree = "<group>"; };
		CD2B71C7282B83C8005FA47B /* VideoData.swift */ = {isa = PBXFileReference; lastKnownFileType = sourcecode.swift; path = VideoData.swift; sourceTree = "<group>"; };
		CD2B71C9282B88C8005FA47B /* VideoViewController.swift */ = {isa = PBXFileReference; lastKnownFileType = sourcecode.swift; path = VideoViewController.swift; sourceTree = "<group>"; };
		CD2B71CB282CEE9E005FA47B /* Response.swift */ = {isa = PBXFileReference; lastKnownFileType = sourcecode.swift; path = Response.swift; sourceTree = "<group>"; };
		CD2B71CD282D5378005FA47B /* VideoTableViewCell.swift */ = {isa = PBXFileReference; lastKnownFileType = sourcecode.swift; path = VideoTableViewCell.swift; sourceTree = "<group>"; };
		CD2B71CF282E012B005FA47B /* Constants.swift */ = {isa = PBXFileReference; lastKnownFileType = sourcecode.swift; path = Constants.swift; sourceTree = "<group>"; };
		CD2B71D3282E4D0C005FA47B /* WorkoutMenu.swift */ = {isa = PBXFileReference; lastKnownFileType = sourcecode.swift; path = WorkoutMenu.swift; sourceTree = "<group>"; };
		CD2B71D5282F522D005FA47B /* SwipeTableViewController.swift */ = {isa = PBXFileReference; lastKnownFileType = sourcecode.swift; path = SwipeTableViewController.swift; sourceTree = "<group>"; };
		CD2B71D7282F5712005FA47B /* LaunchScreen.storyboard */ = {isa = PBXFileReference; fileEncoding = 4; lastKnownFileType = file.storyboard; path = LaunchScreen.storyboard; sourceTree = "<group>"; };
		CDA09C392831282E0096A8DC /* NewViewController.swift */ = {isa = PBXFileReference; lastKnownFileType = sourcecode.swift; path = NewViewController.swift; sourceTree = "<group>"; };
		CDA09C3B28313C9E0096A8DC /* FloatingButton.swift */ = {isa = PBXFileReference; lastKnownFileType = sourcecode.swift; path = FloatingButton.swift; sourceTree = "<group>"; };
		CDA09C3D2831576C0096A8DC /* EditViewModel.swift */ = {isa = PBXFileReference; lastKnownFileType = sourcecode.swift; path = EditViewModel.swift; sourceTree = "<group>"; };
		EB0FE9D3B513B10237742734 /* Pods-ExerciseLog.debug.xcconfig */ = {isa = PBXFileReference; includeInIndex = 1; lastKnownFileType = text.xcconfig; name = "Pods-ExerciseLog.debug.xcconfig"; path = "Target Support Files/Pods-ExerciseLog/Pods-ExerciseLog.debug.xcconfig"; sourceTree = "<group>"; };
/* End PBXFileReference section */

/* Begin PBXFrameworksBuildPhase section */
		CD2B719028280C82005FA47B /* Frameworks */ = {
			isa = PBXFrameworksBuildPhase;
			buildActionMask = 2147483647;
			files = (
				CDE2C0FD2833CE3C00CAA1A5 /* RealmSwift in Frameworks */,
				CDE2C0FB2833CE3C00CAA1A5 /* Realm in Frameworks */,
				168B18FADA673C75410CE685 /* Pods_ExerciseLog.framework in Frameworks */,
			);
			runOnlyForDeploymentPostprocessing = 0;
		};
/* End PBXFrameworksBuildPhase section */

/* Begin PBXGroup section */
		0CCA53AB4213A20EFF5FEFF8 /* Pods */ = {
			isa = PBXGroup;
			children = (
				EB0FE9D3B513B10237742734 /* Pods-ExerciseLog.debug.xcconfig */,
				A372A40F1F91BBCCB8269424 /* Pods-ExerciseLog.release.xcconfig */,
			);
			path = Pods;
			sourceTree = "<group>";
		};
		16293EC56396FAC00C715233 /* Frameworks */ = {
			isa = PBXGroup;
			children = (
				5FF9D0B951A9B39B09CA0AC0 /* Pods_ExerciseLog.framework */,
			);
			name = Frameworks;
			sourceTree = "<group>";
		};
		CD2B718A28280C82005FA47B = {
			isa = PBXGroup;
			children = (
				CD2B71CF282E012B005FA47B /* Constants.swift */,
				CD2B719528280C82005FA47B /* ExerciseLog */,
				CD2B719428280C82005FA47B /* Products */,
				0CCA53AB4213A20EFF5FEFF8 /* Pods */,
				16293EC56396FAC00C715233 /* Frameworks */,
			);
			sourceTree = "<group>";
		};
		CD2B719428280C82005FA47B /* Products */ = {
			isa = PBXGroup;
			children = (
				CD2B719328280C82005FA47B /* ExerciseLog.app */,
			);
			name = Products;
			sourceTree = "<group>";
		};
		CD2B719528280C82005FA47B /* ExerciseLog */ = {
			isa = PBXGroup;
			children = (
				CD2B719628280C82005FA47B /* AppDelegate.swift */,
				CD2B719828280C82005FA47B /* SceneDelegate.swift */,
				CDA09C3F283157720096A8DC /* ViewModel */,
				CD2B71AD2828FE5B005FA47B /* Controller */,
				CD2B71AE2828FE78005FA47B /* Views */,
				CD2B71AC2828FE47005FA47B /* Model */,
				CD2B719F28280C85005FA47B /* Assets.xcassets */,
				CD2B71A128280C85005FA47B /* LaunchScreen.storyboard */,
				CD2B71A428280C85005FA47B /* Info.plist */,
			);
			path = ExerciseLog;
			sourceTree = "<group>";
		};
		CD2B71AC2828FE47005FA47B /* Model */ = {
			isa = PBXGroup;
			children = (
				CD2B71C5282B8270005FA47B /* VideoModel.swift */,
				CD2B71BF282A5081005FA47B /* Workout.swift */,
				CD2B71D3282E4D0C005FA47B /* WorkoutMenu.swift */,
				CD2B71C3282B7CB6005FA47B /* VideoManager.swift */,
				CD2B71C7282B83C8005FA47B /* VideoData.swift */,
				CD2B71CB282CEE9E005FA47B /* Response.swift */,
				CDA09C3B28313C9E0096A8DC /* FloatingButton.swift */,
			);
			path = Model;
			sourceTree = "<group>";
		};
		CD2B71AD2828FE5B005FA47B /* Controller */ = {
			isa = PBXGroup;
			children = (
				CD2B71BB282A0E28005FA47B /* WorkoutTableViewController.swift */,
				CD2B719A28280C82005FA47B /* ViewController.swift */,
				CD2B71B52829FC15005FA47B /* TabViewController.swift */,
				CD2B71B92829FD89005FA47B /* CalendarViewController.swift */,
				CD2B71C1282B6086005FA47B /* VideoTableViewController.swift */,
				CD2B71C9282B88C8005FA47B /* VideoViewController.swift */,
				CD2B71D5282F522D005FA47B /* SwipeTableViewController.swift */,
				CDA09C392831282E0096A8DC /* NewViewController.swift */,
			);
			path = Controller;
			sourceTree = "<group>";
		};
		CD2B71AE2828FE78005FA47B /* Views */ = {
			isa = PBXGroup;
			children = (
				CD2B71D7282F5712005FA47B /* LaunchScreen.storyboard */,
				CD2B719C28280C82005FA47B /* Main.storyboard */,
				CD2B71CD282D5378005FA47B /* VideoTableViewCell.swift */,
			);
			path = Views;
			sourceTree = "<group>";
		};
		CDA09C3F283157720096A8DC /* ViewModel */ = {
			isa = PBXGroup;
			children = (
				CDA09C3D2831576C0096A8DC /* EditViewModel.swift */,
			);
			path = ViewModel;
			sourceTree = "<group>";
		};
/* End PBXGroup section */

/* Begin PBXNativeTarget section */
		CD2B719228280C82005FA47B /* ExerciseLog */ = {
			isa = PBXNativeTarget;
			buildConfigurationList = CD2B71A728280C85005FA47B /* Build configuration list for PBXNativeTarget "ExerciseLog" */;
			buildPhases = (
				1C392045FB44D9FCEF258258 /* [CP] Check Pods Manifest.lock */,
				CD2B718F28280C82005FA47B /* Sources */,
				CD2B719028280C82005FA47B /* Frameworks */,
				CD2B719128280C82005FA47B /* Resources */,
				9C38E86DE0330AE6967FFACE /* [CP] Embed Pods Frameworks */,
			);
			buildRules = (
			);
			dependencies = (
			);
			name = ExerciseLog;
			packageProductDependencies = (
				CDE2C0FA2833CE3C00CAA1A5 /* Realm */,
				CDE2C0FC2833CE3C00CAA1A5 /* RealmSwift */,
			);
			productName = ExerciseLog;
			productReference = CD2B719328280C82005FA47B /* ExerciseLog.app */;
			productType = "com.apple.product-type.application";
		};
/* End PBXNativeTarget section */

/* Begin PBXProject section */
		CD2B718B28280C82005FA47B /* Project object */ = {
			isa = PBXProject;
			attributes = {
				BuildIndependentTargetsInParallel = 1;
				LastSwiftUpdateCheck = 1320;
				LastUpgradeCheck = 1320;
				TargetAttributes = {
					CD2B719228280C82005FA47B = {
						CreatedOnToolsVersion = 13.2.1;
					};
				};
			};
			buildConfigurationList = CD2B718E28280C82005FA47B /* Build configuration list for PBXProject "ExerciseLog" */;
			compatibilityVersion = "Xcode 13.0";
			developmentRegion = en;
			hasScannedForEncodings = 0;
			knownRegions = (
				en,
				Base,
			);
			mainGroup = CD2B718A28280C82005FA47B;
			packageReferences = (
				CDE2C0F92833CE3C00CAA1A5 /* XCRemoteSwiftPackageReference "realm-swift" */,
			);
			productRefGroup = CD2B719428280C82005FA47B /* Products */;
			projectDirPath = "";
			projectRoot = "";
			targets = (
				CD2B719228280C82005FA47B /* ExerciseLog */,
			);
		};
/* End PBXProject section */

/* Begin PBXResourcesBuildPhase section */
		CD2B719128280C82005FA47B /* Resources */ = {
			isa = PBXResourcesBuildPhase;
			buildActionMask = 2147483647;
			files = (
				CD2B71A328280C85005FA47B /* LaunchScreen.storyboard in Resources */,
				CD2B71D8282F5712005FA47B /* LaunchScreen.storyboard in Resources */,
				CD2B71A028280C85005FA47B /* Assets.xcassets in Resources */,
				CD2B719E28280C82005FA47B /* Main.storyboard in Resources */,
			);
			runOnlyForDeploymentPostprocessing = 0;
		};
/* End PBXResourcesBuildPhase section */

/* Begin PBXShellScriptBuildPhase section */
		1C392045FB44D9FCEF258258 /* [CP] Check Pods Manifest.lock */ = {
			isa = PBXShellScriptBuildPhase;
			buildActionMask = 2147483647;
			files = (
			);
			inputFileListPaths = (
			);
			inputPaths = (
				"${PODS_PODFILE_DIR_PATH}/Podfile.lock",
				"${PODS_ROOT}/Manifest.lock",
			);
			name = "[CP] Check Pods Manifest.lock";
			outputFileListPaths = (
			);
			outputPaths = (
				"$(DERIVED_FILE_DIR)/Pods-ExerciseLog-checkManifestLockResult.txt",
			);
			runOnlyForDeploymentPostprocessing = 0;
			shellPath = /bin/sh;
			shellScript = "diff \"${PODS_PODFILE_DIR_PATH}/Podfile.lock\" \"${PODS_ROOT}/Manifest.lock\" > /dev/null\nif [ $? != 0 ] ; then\n    # print error to STDERR\n    echo \"error: The sandbox is not in sync with the Podfile.lock. Run 'pod install' or update your CocoaPods installation.\" >&2\n    exit 1\nfi\n# This output is used by Xcode 'outputs' to avoid re-running this script phase.\necho \"SUCCESS\" > \"${SCRIPT_OUTPUT_FILE_0}\"\n";
			showEnvVarsInLog = 0;
		};
		9C38E86DE0330AE6967FFACE /* [CP] Embed Pods Frameworks */ = {
			isa = PBXShellScriptBuildPhase;
			buildActionMask = 2147483647;
			files = (
			);
			inputFileListPaths = (
				"${PODS_ROOT}/Target Support Files/Pods-ExerciseLog/Pods-ExerciseLog-frameworks-${CONFIGURATION}-input-files.xcfilelist",
			);
			name = "[CP] Embed Pods Frameworks";
			outputFileListPaths = (
				"${PODS_ROOT}/Target Support Files/Pods-ExerciseLog/Pods-ExerciseLog-frameworks-${CONFIGURATION}-output-files.xcfilelist",
			);
			runOnlyForDeploymentPostprocessing = 0;
			shellPath = /bin/sh;
			shellScript = "\"${PODS_ROOT}/Target Support Files/Pods-ExerciseLog/Pods-ExerciseLog-frameworks.sh\"\n";
			showEnvVarsInLog = 0;
		};
/* End PBXShellScriptBuildPhase section */

/* Begin PBXSourcesBuildPhase section */
		CD2B718F28280C82005FA47B /* Sources */ = {
			isa = PBXSourcesBuildPhase;
			buildActionMask = 2147483647;
			files = (
				CDA09C3E2831576C0096A8DC /* EditViewModel.swift in Sources */,
				CD2B71BA2829FD89005FA47B /* CalendarViewController.swift in Sources */,
				CD2B719B28280C82005FA47B /* ViewController.swift in Sources */,
				CD2B71B62829FC15005FA47B /* TabViewController.swift in Sources */,
				CD2B71C0282A5081005FA47B /* Workout.swift in Sources */,
				CDA09C3C28313C9E0096A8DC /* FloatingButton.swift in Sources */,
				CD2B71CA282B88C8005FA47B /* VideoViewController.swift in Sources */,
				CD2B71CC282CEE9E005FA47B /* Response.swift in Sources */,
				CD2B71D0282E012B005FA47B /* Constants.swift in Sources */,
				CD2B71D6282F522D005FA47B /* SwipeTableViewController.swift in Sources */,
				CD2B719728280C82005FA47B /* AppDelegate.swift in Sources */,
				CD2B719928280C82005FA47B /* SceneDelegate.swift in Sources */,
				CD2B71C4282B7CB6005FA47B /* VideoManager.swift in Sources */,
				CD2B71C2282B6086005FA47B /* VideoTableViewController.swift in Sources */,
				CD2B71BC282A0E28005FA47B /* WorkoutTableViewController.swift in Sources */,
				CD2B71D4282E4D0C005FA47B /* WorkoutMenu.swift in Sources */,
				CD2B71C6282B8270005FA47B /* VideoModel.swift in Sources */,
				CDA09C3A2831282E0096A8DC /* NewViewController.swift in Sources */,
				CD2B71C8282B83C8005FA47B /* VideoData.swift in Sources */,
				CD2B71CE282D5378005FA47B /* VideoTableViewCell.swift in Sources */,
			);
			runOnlyForDeploymentPostprocessing = 0;
		};
/* End PBXSourcesBuildPhase section */

/* Begin PBXVariantGroup section */
		CD2B719C28280C82005FA47B /* Main.storyboard */ = {
			isa = PBXVariantGroup;
			children = (
				CD2B719D28280C82005FA47B /* Base */,
			);
			name = Main.storyboard;
			sourceTree = "<group>";
		};
		CD2B71A128280C85005FA47B /* LaunchScreen.storyboard */ = {
			isa = PBXVariantGroup;
			children = (
				CD2B71A228280C85005FA47B /* Base */,
			);
			name = LaunchScreen.storyboard;
			sourceTree = "<group>";
		};
/* End PBXVariantGroup section */

/* Begin XCBuildConfiguration section */
		CD2B71A528280C85005FA47B /* Debug */ = {
			isa = XCBuildConfiguration;
			buildSettings = {
				ALWAYS_SEARCH_USER_PATHS = NO;
				CLANG_ANALYZER_NONNULL = YES;
				CLANG_ANALYZER_NUMBER_OBJECT_CONVERSION = YES_AGGRESSIVE;
				CLANG_CXX_LANGUAGE_STANDARD = "gnu++17";
				CLANG_CXX_LIBRARY = "libc++";
				CLANG_ENABLE_MODULES = YES;
				CLANG_ENABLE_OBJC_ARC = YES;
				CLANG_ENABLE_OBJC_WEAK = YES;
				CLANG_WARN_BLOCK_CAPTURE_AUTORELEASING = YES;
				CLANG_WARN_BOOL_CONVERSION = YES;
				CLANG_WARN_COMMA = YES;
				CLANG_WARN_CONSTANT_CONVERSION = YES;
				CLANG_WARN_DEPRECATED_OBJC_IMPLEMENTATIONS = YES;
				CLANG_WARN_DIRECT_OBJC_ISA_USAGE = YES_ERROR;
				CLANG_WARN_DOCUMENTATION_COMMENTS = YES;
				CLANG_WARN_EMPTY_BODY = YES;
				CLANG_WARN_ENUM_CONVERSION = YES;
				CLANG_WARN_INFINITE_RECURSION = YES;
				CLANG_WARN_INT_CONVERSION = YES;
				CLANG_WARN_NON_LITERAL_NULL_CONVERSION = YES;
				CLANG_WARN_OBJC_IMPLICIT_RETAIN_SELF = YES;
				CLANG_WARN_OBJC_LITERAL_CONVERSION = YES;
				CLANG_WARN_OBJC_ROOT_CLASS = YES_ERROR;
				CLANG_WARN_QUOTED_INCLUDE_IN_FRAMEWORK_HEADER = YES;
				CLANG_WARN_RANGE_LOOP_ANALYSIS = YES;
				CLANG_WARN_STRICT_PROTOTYPES = YES;
				CLANG_WARN_SUSPICIOUS_MOVE = YES;
				CLANG_WARN_UNGUARDED_AVAILABILITY = YES_AGGRESSIVE;
				CLANG_WARN_UNREACHABLE_CODE = YES;
				CLANG_WARN__DUPLICATE_METHOD_MATCH = YES;
				COPY_PHASE_STRIP = NO;
				DEBUG_INFORMATION_FORMAT = dwarf;
				ENABLE_STRICT_OBJC_MSGSEND = YES;
				ENABLE_TESTABILITY = YES;
				GCC_C_LANGUAGE_STANDARD = gnu11;
				GCC_DYNAMIC_NO_PIC = NO;
				GCC_NO_COMMON_BLOCKS = YES;
				GCC_OPTIMIZATION_LEVEL = 0;
				GCC_PREPROCESSOR_DEFINITIONS = (
					"DEBUG=1",
					"$(inherited)",
				);
				GCC_WARN_64_TO_32_BIT_CONVERSION = YES;
				GCC_WARN_ABOUT_RETURN_TYPE = YES_ERROR;
				GCC_WARN_UNDECLARED_SELECTOR = YES;
				GCC_WARN_UNINITIALIZED_AUTOS = YES_AGGRESSIVE;
				GCC_WARN_UNUSED_FUNCTION = YES;
				GCC_WARN_UNUSED_VARIABLE = YES;
				IPHONEOS_DEPLOYMENT_TARGET = 15.2;
				MTL_ENABLE_DEBUG_INFO = INCLUDE_SOURCE;
				MTL_FAST_MATH = YES;
				ONLY_ACTIVE_ARCH = YES;
				SDKROOT = iphoneos;
				SWIFT_ACTIVE_COMPILATION_CONDITIONS = DEBUG;
				SWIFT_OPTIMIZATION_LEVEL = "-Onone";
			};
			name = Debug;
		};
		CD2B71A628280C85005FA47B /* Release */ = {
			isa = XCBuildConfiguration;
			buildSettings = {
				ALWAYS_SEARCH_USER_PATHS = NO;
				CLANG_ANALYZER_NONNULL = YES;
				CLANG_ANALYZER_NUMBER_OBJECT_CONVERSION = YES_AGGRESSIVE;
				CLANG_CXX_LANGUAGE_STANDARD = "gnu++17";
				CLANG_CXX_LIBRARY = "libc++";
				CLANG_ENABLE_MODULES = YES;
				CLANG_ENABLE_OBJC_ARC = YES;
				CLANG_ENABLE_OBJC_WEAK = YES;
				CLANG_WARN_BLOCK_CAPTURE_AUTORELEASING = YES;
				CLANG_WARN_BOOL_CONVERSION = YES;
				CLANG_WARN_COMMA = YES;
				CLANG_WARN_CONSTANT_CONVERSION = YES;
				CLANG_WARN_DEPRECATED_OBJC_IMPLEMENTATIONS = YES;
				CLANG_WARN_DIRECT_OBJC_ISA_USAGE = YES_ERROR;
				CLANG_WARN_DOCUMENTATION_COMMENTS = YES;
				CLANG_WARN_EMPTY_BODY = YES;
				CLANG_WARN_ENUM_CONVERSION = YES;
				CLANG_WARN_INFINITE_RECURSION = YES;
				CLANG_WARN_INT_CONVERSION = YES;
				CLANG_WARN_NON_LITERAL_NULL_CONVERSION = YES;
				CLANG_WARN_OBJC_IMPLICIT_RETAIN_SELF = YES;
				CLANG_WARN_OBJC_LITERAL_CONVERSION = YES;
				CLANG_WARN_OBJC_ROOT_CLASS = YES_ERROR;
				CLANG_WARN_QUOTED_INCLUDE_IN_FRAMEWORK_HEADER = YES;
				CLANG_WARN_RANGE_LOOP_ANALYSIS = YES;
				CLANG_WARN_STRICT_PROTOTYPES = YES;
				CLANG_WARN_SUSPICIOUS_MOVE = YES;
				CLANG_WARN_UNGUARDED_AVAILABILITY = YES_AGGRESSIVE;
				CLANG_WARN_UNREACHABLE_CODE = YES;
				CLANG_WARN__DUPLICATE_METHOD_MATCH = YES;
				COPY_PHASE_STRIP = NO;
				DEBUG_INFORMATION_FORMAT = "dwarf-with-dsym";
				ENABLE_NS_ASSERTIONS = NO;
				ENABLE_STRICT_OBJC_MSGSEND = YES;
				GCC_C_LANGUAGE_STANDARD = gnu11;
				GCC_NO_COMMON_BLOCKS = YES;
				GCC_WARN_64_TO_32_BIT_CONVERSION = YES;
				GCC_WARN_ABOUT_RETURN_TYPE = YES_ERROR;
				GCC_WARN_UNDECLARED_SELECTOR = YES;
				GCC_WARN_UNINITIALIZED_AUTOS = YES_AGGRESSIVE;
				GCC_WARN_UNUSED_FUNCTION = YES;
				GCC_WARN_UNUSED_VARIABLE = YES;
				IPHONEOS_DEPLOYMENT_TARGET = 15.2;
				MTL_ENABLE_DEBUG_INFO = NO;
				MTL_FAST_MATH = YES;
				SDKROOT = iphoneos;
				SWIFT_COMPILATION_MODE = wholemodule;
				SWIFT_OPTIMIZATION_LEVEL = "-O";
				VALIDATE_PRODUCT = YES;
			};
			name = Release;
		};
		CD2B71A828280C85005FA47B /* Debug */ = {
			isa = XCBuildConfiguration;
			baseConfigurationReference = EB0FE9D3B513B10237742734 /* Pods-ExerciseLog.debug.xcconfig */;
			buildSettings = {
				ASSETCATALOG_COMPILER_APPICON_NAME = AppIcon;
				ASSETCATALOG_COMPILER_GLOBAL_ACCENT_COLOR_NAME = AccentColor;
				CODE_SIGN_STYLE = Automatic;
				CURRENT_PROJECT_VERSION = 1;
				DEVELOPMENT_TEAM = 9T7PSTAZK2;
				GENERATE_INFOPLIST_FILE = YES;
				INFOPLIST_FILE = ExerciseLog/Info.plist;
				INFOPLIST_KEY_UIApplicationSupportsIndirectInputEvents = YES;
				INFOPLIST_KEY_UILaunchStoryboardName = LaunchScreen;
				INFOPLIST_KEY_UIMainStoryboardFile = Main;
				INFOPLIST_KEY_UISupportedInterfaceOrientations_iPad = "UIInterfaceOrientationPortrait UIInterfaceOrientationPortraitUpsideDown UIInterfaceOrientationLandscapeLeft UIInterfaceOrientationLandscapeRight";
				INFOPLIST_KEY_UISupportedInterfaceOrientations_iPhone = "UIInterfaceOrientationPortrait UIInterfaceOrientationLandscapeLeft UIInterfaceOrientationLandscapeRight";
				LD_RUNPATH_SEARCH_PATHS = (
					"$(inherited)",
					"@executable_path/Frameworks",
				);
				MARKETING_VERSION = 1.0;
				PRODUCT_BUNDLE_IDENTIFIER = com.apporchard.ExerciseLog;
				PRODUCT_NAME = "$(TARGET_NAME)";
				SWIFT_EMIT_LOC_STRINGS = YES;
				SWIFT_VERSION = 5.0;
				TARGETED_DEVICE_FAMILY = "1,2";
			};
			name = Debug;
		};
		CD2B71A928280C85005FA47B /* Release */ = {
			isa = XCBuildConfiguration;
			baseConfigurationReference = A372A40F1F91BBCCB8269424 /* Pods-ExerciseLog.release.xcconfig */;
			buildSettings = {
				ASSETCATALOG_COMPILER_APPICON_NAME = AppIcon;
				ASSETCATALOG_COMPILER_GLOBAL_ACCENT_COLOR_NAME = AccentColor;
				CODE_SIGN_STYLE = Automatic;
				CURRENT_PROJECT_VERSION = 1;
				DEVELOPMENT_TEAM = 9T7PSTAZK2;
				GENERATE_INFOPLIST_FILE = YES;
				INFOPLIST_FILE = ExerciseLog/Info.plist;
				INFOPLIST_KEY_UIApplicationSupportsIndirectInputEvents = YES;
				INFOPLIST_KEY_UILaunchStoryboardName = LaunchScreen;
				INFOPLIST_KEY_UIMainStoryboardFile = Main;
				INFOPLIST_KEY_UISupportedInterfaceOrientations_iPad = "UIInterfaceOrientationPortrait UIInterfaceOrientationPortraitUpsideDown UIInterfaceOrientationLandscapeLeft UIInterfaceOrientationLandscapeRight";
				INFOPLIST_KEY_UISupportedInterfaceOrientations_iPhone = "UIInterfaceOrientationPortrait UIInterfaceOrientationLandscapeLeft UIInterfaceOrientationLandscapeRight";
				LD_RUNPATH_SEARCH_PATHS = (
					"$(inherited)",
					"@executable_path/Frameworks",
				);
				MARKETING_VERSION = 1.0;
				PRODUCT_BUNDLE_IDENTIFIER = com.apporchard.ExerciseLog;
				PRODUCT_NAME = "$(TARGET_NAME)";
				SWIFT_EMIT_LOC_STRINGS = YES;
				SWIFT_VERSION = 5.0;
				TARGETED_DEVICE_FAMILY = "1,2";
			};
			name = Release;
		};
/* End XCBuildConfiguration section */

/* Begin XCConfigurationList section */
		CD2B718E28280C82005FA47B /* Build configuration list for PBXProject "ExerciseLog" */ = {
			isa = XCConfigurationList;
			buildConfigurations = (
				CD2B71A528280C85005FA47B /* Debug */,
				CD2B71A628280C85005FA47B /* Release */,
			);
			defaultConfigurationIsVisible = 0;
			defaultConfigurationName = Release;
		};
		CD2B71A728280C85005FA47B /* Build configuration list for PBXNativeTarget "ExerciseLog" */ = {
			isa = XCConfigurationList;
			buildConfigurations = (
				CD2B71A828280C85005FA47B /* Debug */,
				CD2B71A928280C85005FA47B /* Release */,
			);
			defaultConfigurationIsVisible = 0;
			defaultConfigurationName = Release;
		};
/* End XCConfigurationList section */

/* Begin XCRemoteSwiftPackageReference section */
		CDE2C0F92833CE3C00CAA1A5 /* XCRemoteSwiftPackageReference "realm-swift" */ = {
			isa = XCRemoteSwiftPackageReference;
			repositoryURL = "https://github.com/realm/realm-swift";
			requirement = {
				branch = master;
				kind = branch;
			};
		};
/* End XCRemoteSwiftPackageReference section */

/* Begin XCSwiftPackageProductDependency section */
		CDE2C0FA2833CE3C00CAA1A5 /* Realm */ = {
			isa = XCSwiftPackageProductDependency;
			package = CDE2C0F92833CE3C00CAA1A5 /* XCRemoteSwiftPackageReference "realm-swift" */;
			productName = Realm;
		};
		CDE2C0FC2833CE3C00CAA1A5 /* RealmSwift */ = {
			isa = XCSwiftPackageProductDependency;
			package = CDE2C0F92833CE3C00CAA1A5 /* XCRemoteSwiftPackageReference "realm-swift" */;
			productName = RealmSwift;
		};
/* End XCSwiftPackageProductDependency section */
	};
	rootObject = CD2B718B28280C82005FA47B /* Project object */;
}
